
Microsoft Visual Studio Solution File, Format Version 12.00
# Visual Studio 15
Project("{FAE04EC0-301F-11D3-BF4B-00C04F79EFBC}") = "Assembly-CSharp", "Assembly-CSharp.csproj", "{2183812B-C5A5-E97B-0F71-5433B9B755EC}"
EndProject
Project("{FAE04EC0-301F-11D3-BF4B-00C04F79EFBC}") = "Assembly-CSharp-Editor", "Assembly-CSharp-Editor.csproj", "{7E2A4F95-3A00-F238-D19C-581E1F94105A}"
EndProject
Global
	GlobalSection(SolutionConfigurationPlatforms) = preSolution
		Debug|Any CPU = Debug|Any CPU
		Release|Any CPU = Release|Any CPU
	EndGlobalSection
	GlobalSection(ProjectConfigurationPlatforms) = postSolution
		{2183812B-C5A5-E97B-0F71-5433B9B755EC}.Debug|Any CPU.ActiveCfg = Debug|Any CPU
		{2183812B-C5A5-E97B-0F71-5433B9B755EC}.Debug|Any CPU.Build.0 = Debug|Any CPU
		{2183812B-C5A5-E97B-0F71-5433B9B755EC}.Release|Any CPU.ActiveCfg = Release|Any CPU
		{2183812B-C5A5-E97B-0F71-5433B9B755EC}.Release|Any CPU.Build.0 = Release|Any CPU
		{7E2A4F95-3A00-F238-D19C-581E1F94105A}.Debug|Any CPU.ActiveCfg = Debug|Any CPU
		{7E2A4F95-3A00-F238-D19C-581E1F94105A}.Debug|Any CPU.Build.0 = Debug|Any CPU
		{7E2A4F95-3A00-F238-D19C-581E1F94105A}.Release|Any CPU.ActiveCfg = Release|Any CPU
		{7E2A4F95-3A00-F238-D19C-581E1F94105A}.Release|Any CPU.Build.0 = Release|Any CPU
	EndGlobalSection
	GlobalSection(SolutionProperties) = preSolution
		HideSolutionNode = FALSE
	EndGlobalSection
EndGlobal
